Microsoft Visual Studio Solution File, Format Version 12.00
# Visual Studio 15
VisualStudioVersion = 15.0.28307.421
MinimumVisualStudioVersion = 10.0.40219.1
Project("{9A19103F-16F7-4668-BE54-9A1E7A4F7556}") = "ProductApi", "ProductApi\ProductApi.csproj", "{B7FFB3CC-DB95-42EA-AC8F-B65AE5012E65}"
EndProject
Project("{9A19103F-16F7-4668-BE54-9A1E7A4F7556}") = "OrderApi", "OrderApi\OrderApi.csproj", "{49B688E9-31B4-4F04-96FF-34032E70CF54}"
EndProject
Project("{9A19103F-16F7-4668-BE54-9A1E7A4F7556}") = "CustomerApi", "CustomerApi\CustomerApi.csproj", "{AF85BD14-7DCB-44BC-ADCE-39B40DA06524}"
EndProject
Project("{E53339B2-1760-4266-BCC7-CA923CBCF16C}") = "docker-compose", "docker-compose.dcproj", "{1EEB31BA-6B4D-461A-A84B-6B9C6CBDA335}"
EndProject
Project("{9A19103F-16F7-4668-BE54-9A1E7A4F7556}") = "SharedModels", "SharedModels\SharedModels.csproj", "{15C0A128-5A6A-4FE6-ACDF-B305336A815F}"
EndProject
Project("{2150E333-8FDC-42A3-9474-1A3956D46DE8}") = "Services", "Services", "{4B194373-922E-45D9-B844-E5E34641D9B0}"
EndProject
Global
	GlobalSection(SolutionConfigurationPlatforms) = preSolution
		Debug|Any CPU = Debug|Any CPU
		Release|Any CPU = Release|Any CPU
	EndGlobalSection
	GlobalSection(ProjectConfigurationPlatforms) = postSolution
		{B7FFB3CC-DB95-42EA-AC8F-B65AE5012E65}.Debug|Any CPU.ActiveCfg = Debug|Any CPU
		{B7FFB3CC-DB95-42EA-AC8F-B65AE5012E65}.Debug|Any CPU.Build.0 = Debug|Any CPU
		{B7FFB3CC-DB95-42EA-AC8F-B65AE5012E65}.Release|Any CPU.ActiveCfg = Release|Any CPU
		{B7FFB3CC-DB95-42EA-AC8F-B65AE5012E65}.Release|Any CPU.Build.0 = Release|Any CPU
		{49B688E9-31B4-4F04-96FF-34032E70CF54}.Debug|Any CPU.ActiveCfg = Debug|Any CPU
		{49B688E9-31B4-4F04-96FF-34032E70CF54}.Debug|Any CPU.Build.0 = Debug|Any CPU
		{49B688E9-31B4-4F04-96FF-34032E70CF54}.Release|Any CPU.ActiveCfg = Release|Any CPU
		{49B688E9-31B4-4F04-96FF-34032E70CF54}.Release|Any CPU.Build.0 = Release|Any CPU
		{AF85BD14-7DCB-44BC-ADCE-39B40DA06524}.Debug|Any CPU.ActiveCfg = Debug|Any CPU
		{AF85BD14-7DCB-44BC-ADCE-39B40DA06524}.Debug|Any CPU.Build.0 = Debug|Any CPU
		{AF85BD14-7DCB-44BC-ADCE-39B40DA06524}.Release|Any CPU.ActiveCfg = Release|Any CPU
		{AF85BD14-7DCB-44BC-ADCE-39B40DA06524}.Release|Any CPU.Build.0 = Release|Any CPU
		{1EEB31BA-6B4D-461A-A84B-6B9C6CBDA335}.Debug|Any CPU.ActiveCfg = Debug|Any CPU
		{1EEB31BA-6B4D-461A-A84B-6B9C6CBDA335}.Debug|Any CPU.Build.0 = Debug|Any CPU
		{1EEB31BA-6B4D-461A-A84B-6B9C6CBDA335}.Release|Any CPU.ActiveCfg = Release|Any CPU
		{1EEB31BA-6B4D-461A-A84B-6B9C6CBDA335}.Release|Any CPU.Build.0 = Release|Any CPU
		{15C0A128-5A6A-4FE6-ACDF-B305336A815F}.Debug|Any CPU.ActiveCfg = Debug|Any CPU
		{15C0A128-5A6A-4FE6-ACDF-B305336A815F}.Debug|Any CPU.Build.0 = Debug|Any CPU
		{15C0A128-5A6A-4FE6-ACDF-B305336A815F}.Release|Any CPU.ActiveCfg = Release|Any CPU
		{15C0A128-5A6A-4FE6-ACDF-B305336A815F}.Release|Any CPU.Build.0 = Release|Any CPU
	EndGlobalSection
	GlobalSection(SolutionProperties) = preSolution
		HideSolutionNode = FALSE
	EndGlobalSection
	GlobalSection(NestedProjects) = preSolution
		{B7FFB3CC-DB95-42EA-AC8F-B65AE5012E65} = {4B194373-922E-45D9-B844-E5E34641D9B0}
		{49B688E9-31B4-4F04-96FF-34032E70CF54} = {4B194373-922E-45D9-B844-E5E34641D9B0}
		{AF85BD14-7DCB-44BC-ADCE-39B40DA06524} = {4B194373-922E-45D9-B844-E5E34641D9B0}
		{15C0A128-5A6A-4FE6-ACDF-B305336A815F} = {4B194373-922E-45D9-B844-E5E34641D9B0}
	EndGlobalSection
	GlobalSection(ExtensibilityGlobals) = postSolution
		SolutionGuid = {8C20BDCF-1970-4535-9A4F-929F4BE0E86A}
	EndGlobalSection
EndGlobal
